
Microsoft Visual Studio Solution File, Format Version 12.00
# Visual Studio 15
VisualStudioVersion = 15.0.26228.4
MinimumVisualStudioVersion = 10.0.40219.1
Project("{FAE04EC0-301F-11D3-BF4B-00C04F79EFBC}") = "HomeWork10", "HomeWork10\HomeWork10.csproj", "{19BB4EC5-0874-4B00-A283-0E41FD114C01}"
EndProject
Global
	GlobalSection(SolutionConfigurationPlatforms) = preSolution
		Debug|Any CPU = Debug|Any CPU
		Release|Any CPU = Release|Any CPU
	EndGlobalSection
	GlobalSection(ProjectConfigurationPlatforms) = postSolution
		{19BB4EC5-0874-4B00-A283-0E41FD114C01}.Debug|Any CPU.ActiveCfg = Debug|Any CPU
		{19BB4EC5-0874-4B00-A283-0E41FD114C01}.Debug|Any CPU.Build.0 = Debug|Any CPU
		{19BB4EC5-0874-4B00-A283-0E41FD114C01}.Release|Any CPU.ActiveCfg = Release|Any CPU
		{19BB4EC5-0874-4B00-A283-0E41FD114C01}.Release|Any CPU.Build.0 = Release|Any CPU
	EndGlobalSection
	GlobalSection(SolutionProperties) = preSolution
		HideSolutionNode = FALSE
	EndGlobalSection
EndGlobal
